
Microsoft Visual Studio Solution File, Format Version 12.00
# Visual Studio Version 17
VisualStudioVersion = 17.0.31903.59
MinimumVisualStudioVersion = 10.0.40219.1
Project("{9A19103F-16F7-4668-BE54-9A1E7A4F7556}") = "UtmBuilder.Core", "UtmBuilder.Core\UtmBuilder.Core.csproj", "{82ED3311-4573-4CED-A3F5-9E78D9B78AB9}"
EndProject
Project("{FAE04EC0-301F-11D3-BF4B-00C04F79EFBC}") = "UtmBuilder.Core.Tests", "UtmBuilder.Core.Tests\UtmBuilder.Core.Tests.csproj", "{648FBCFF-D7C6-4592-9982-A746C8C053C3}"
EndProject
Global
	GlobalSection(SolutionConfigurationPlatforms) = preSolution
		Debug|Any CPU = Debug|Any CPU
		Release|Any CPU = Release|Any CPU
	EndGlobalSection
	GlobalSection(ProjectConfigurationPlatforms) = postSolution
		{82ED3311-4573-4CED-A3F5-9E78D9B78AB9}.Debug|Any CPU.ActiveCfg = Debug|Any CPU
		{82ED3311-4573-4CED-A3F5-9E78D9B78AB9}.Debug|Any CPU.Build.0 = Debug|Any CPU
		{82ED3311-4573-4CED-A3F5-9E78D9B78AB9}.Release|Any CPU.ActiveCfg = Release|Any CPU
		{82ED3311-4573-4CED-A3F5-9E78D9B78AB9}.Release|Any CPU.Build.0 = Release|Any CPU
		{648FBCFF-D7C6-4592-9982-A746C8C053C3}.Debug|Any CPU.ActiveCfg = Debug|Any CPU
		{648FBCFF-D7C6-4592-9982-A746C8C053C3}.Debug|Any CPU.Build.0 = Debug|Any CPU
		{648FBCFF-D7C6-4592-9982-A746C8C053C3}.Release|Any CPU.ActiveCfg = Release|Any CPU
		{648FBCFF-D7C6-4592-9982-A746C8C053C3}.Release|Any CPU.Build.0 = Release|Any CPU
	EndGlobalSection
	GlobalSection(SolutionProperties) = preSolution
		HideSolutionNode = FALSE
	EndGlobalSection
	GlobalSection(ExtensibilityGlobals) = postSolution
		SolutionGuid = {A58BFCC4-B4B1-467A-8EF1-700A603D867A}
	EndGlobalSection
EndGlobal
